
Microsoft Visual Studio Solution File, Format Version 12.00
# Visual Studio Version 17
VisualStudioVersion = 17.0.31903.59
MinimumVisualStudioVersion = 10.0.40219.1
Project("{9A19103F-16F7-4668-BE54-9A1E7A4F7556}") = "Poznamky", "Poznamky\Poznamky.csproj", "{501B4DBB-2405-48C5-8DAE-8C91B29CF832}"
EndProject
Project("{2150E333-8FDC-42A3-9474-1A3956D46DE8}") = "Solution Items", "Solution Items", "{BB591477-1CB8-4EB2-B001-01270EBD1368}"
	ProjectSection(SolutionItems) = preProject
		.editorconfig = .editorconfig
	EndProjectSection
EndProject
Global
	GlobalSection(SolutionConfigurationPlatforms) = preSolution
		Debug|Any CPU = Debug|Any CPU
		Release|Any CPU = Release|Any CPU
	EndGlobalSection
	GlobalSection(ProjectConfigurationPlatforms) = postSolution
		{501B4DBB-2405-48C5-8DAE-8C91B29CF832}.Debug|Any CPU.ActiveCfg = Debug|Any CPU
		{501B4DBB-2405-48C5-8DAE-8C91B29CF832}.Debug|Any CPU.Build.0 = Debug|Any CPU
		{501B4DBB-2405-48C5-8DAE-8C91B29CF832}.Release|Any CPU.ActiveCfg = Release|Any CPU
		{501B4DBB-2405-48C5-8DAE-8C91B29CF832}.Release|Any CPU.Build.0 = Release|Any CPU
	EndGlobalSection
	GlobalSection(SolutionProperties) = preSolution
		HideSolutionNode = FALSE
	EndGlobalSection
	GlobalSection(ExtensibilityGlobals) = postSolution
		SolutionGuid = {EE079653-D7E2-4B99-B2E5-3057651A2974}
	EndGlobalSection
EndGlobal
